
Microsoft Visual Studio Solution File, Format Version 12.00
# Visual Studio 2017
Project("{FAE04EC0-301F-11D3-BF4B-00C04F79EFBC}") = "ubisoft", "ubisoft.csproj", "{FD910724-388B-4AD5-6B63-34AF382D7133}"
EndProject
Project("{FAE04EC0-301F-11D3-BF4B-00C04F79EFBC}") = "ubisoft.Editor", "ubisoft.Editor.csproj", "{13AFE888-B55C-3E8D-AE5B-6042A128C1C7}"
EndProject
Global
	GlobalSection(SolutionConfigurationPlatforms) = preSolution
		Debug|Any CPU = Debug|Any CPU
		Release|Any CPU = Release|Any CPU
	EndGlobalSection
	GlobalSection(ProjectConfigurationPlatforms) = postSolution
		{FD910724-388B-4AD5-6B63-34AF382D7133}.Debug|Any CPU.ActiveCfg = Debug|Any CPU
		{FD910724-388B-4AD5-6B63-34AF382D7133}.Debug|Any CPU.Build.0 = Debug|Any CPU
		{FD910724-388B-4AD5-6B63-34AF382D7133}.Release|Any CPU.ActiveCfg = Release|Any CPU
		{FD910724-388B-4AD5-6B63-34AF382D7133}.Release|Any CPU.Build.0 = Release|Any CPU
		{13AFE888-B55C-3E8D-AE5B-6042A128C1C7}.Debug|Any CPU.ActiveCfg = Debug|Any CPU
		{13AFE888-B55C-3E8D-AE5B-6042A128C1C7}.Debug|Any CPU.Build.0 = Debug|Any CPU
		{13AFE888-B55C-3E8D-AE5B-6042A128C1C7}.Release|Any CPU.ActiveCfg = Release|Any CPU
		{13AFE888-B55C-3E8D-AE5B-6042A128C1C7}.Release|Any CPU.Build.0 = Release|Any CPU
	EndGlobalSection
	GlobalSection(SolutionProperties) = preSolution
		HideSolutionNode = FALSE
	EndGlobalSection
EndGlobal
