
Microsoft Visual Studio Solution File, Format Version 11.00
# Visual Studio 2010
Project("{FAE04EC0-301F-11D3-BF4B-00C04F79EFBC}") = "ubisoft", "Assembly-CSharp.csproj", "{CD250960-EF36-D1A7-D7DB-F2A533E38D18}"
EndProject
Project("{FAE04EC0-301F-11D3-BF4B-00C04F79EFBC}") = "ubisoft", "Assembly-CSharp-Editor.csproj", "{541A6568-9A41-04D5-F43A-34E5B114F89C}"
EndProject
Global
	GlobalSection(SolutionConfigurationPlatforms) = preSolution
		Debug|Any CPU = Debug|Any CPU
		Release|Any CPU = Release|Any CPU
	EndGlobalSection
	GlobalSection(ProjectConfigurationPlatforms) = postSolution
		{CD250960-EF36-D1A7-D7DB-F2A533E38D18}.Debug|Any CPU.ActiveCfg = Debug|Any CPU
		{CD250960-EF36-D1A7-D7DB-F2A533E38D18}.Debug|Any CPU.Build.0 = Debug|Any CPU
		{CD250960-EF36-D1A7-D7DB-F2A533E38D18}.Release|Any CPU.ActiveCfg = Release|Any CPU
		{CD250960-EF36-D1A7-D7DB-F2A533E38D18}.Release|Any CPU.Build.0 = Release|Any CPU
		{541A6568-9A41-04D5-F43A-34E5B114F89C}.Debug|Any CPU.ActiveCfg = Debug|Any CPU
		{541A6568-9A41-04D5-F43A-34E5B114F89C}.Debug|Any CPU.Build.0 = Debug|Any CPU
		{541A6568-9A41-04D5-F43A-34E5B114F89C}.Release|Any CPU.ActiveCfg = Release|Any CPU
		{541A6568-9A41-04D5-F43A-34E5B114F89C}.Release|Any CPU.Build.0 = Release|Any CPU
	EndGlobalSection
	GlobalSection(SolutionProperties) = preSolution
		HideSolutionNode = FALSE
	EndGlobalSection
	GlobalSection(MonoDevelopProperties) = preSolution
		StartupItem = Assembly-CSharp.csproj
	EndGlobalSection
EndGlobal
